
Microsoft Visual Studio Solution File, Format Version 12.00
# Visual Studio Version 17
VisualStudioVersion = 17.6.33723.286
MinimumVisualStudioVersion = 10.0.40219.1
Project("{FAE04EC0-301F-11D3-BF4B-00C04F79EFBC}") = "array_homework", "array_homework\array_homework.csproj", "{91949C29-C198-4C8B-A147-A6B4CF882EC3}"
EndProject
Global
	GlobalSection(SolutionConfigurationPlatforms) = preSolution
		Debug|Any CPU = Debug|Any CPU
		Release|Any CPU = Release|Any CPU
	EndGlobalSection
	GlobalSection(ProjectConfigurationPlatforms) = postSolution
		{91949C29-C198-4C8B-A147-A6B4CF882EC3}.Debug|Any CPU.ActiveCfg = Debug|Any CPU
		{91949C29-C198-4C8B-A147-A6B4CF882EC3}.Debug|Any CPU.Build.0 = Debug|Any CPU
		{91949C29-C198-4C8B-A147-A6B4CF882EC3}.Release|Any CPU.ActiveCfg = Release|Any CPU
		{91949C29-C198-4C8B-A147-A6B4CF882EC3}.Release|Any CPU.Build.0 = Release|Any CPU
	EndGlobalSection
	GlobalSection(SolutionProperties) = preSolution
		HideSolutionNode = FALSE
	EndGlobalSection
	GlobalSection(ExtensibilityGlobals) = postSolution
		SolutionGuid = {810BADC5-F5DC-461B-8F67-2CCA9924F5D3}
	EndGlobalSection
EndGlobal
